{"format_version":"1.2","terraform_version":"1.9.8","variables":{"config_file":{"value":"../config/base_config.yaml"},"disk_size":{"value":"10"},"environment":{"value":"prod"},"project_id":{"value":"golden-keel-479411-a0"},"region":{"value":"us-central1"},"vm_size":{"value":"e2-medium"}},"planned_values":{"root_module":{"resources":[{"address":"google_compute_instance.vm[\"prod-app-5\"]","mode":"managed","type":"google_compute_instance","name":"vm","index":"prod-app-5","provider_name":"registry.terraform.io/hashicorp/google","schema_version":6,"values":{"advanced_machine_features":[],"allow_stopping_for_update":null,"attached_disk":[],"boot_disk":[{"auto_delete":true,"disk_encryption_key_raw":null,"initialize_params":[{"enable_confidential_compute":null,"image":"debian-cloud/debian-12","resource_manager_tags":null,"size":10,"storage_pool":null}],"mode":"READ_WRITE"}],"can_ip_forward":false,"deletion_protection":false,"description":null,"desired_status":null,"enable_display":null,"hostname":null,"labels":null,"machine_type":"e2-medium","metadata":{"enable-oslogin":"TRUE"},"metadata_startup_script":null,"name":"prod-app-5","network_interface":[{"access_config":[{"public_ptr_domain_name":null}],"alias_ip_range":[],"ipv6_access_config":[],"network":"default","nic_type":null,"queue_count":null}],"network_performance_config":[],"params":[],"project":"golden-keel-479411-a0","resource_policies":null,"scratch_disk":[],"service_account":[],"shielded_instance_config":[],"tags":["pci","prod"],"timeouts":null,"zone":"us-central1-b"},"sensitive_values":{"advanced_machine_features":[],"attached_disk":[],"boot_disk":[{"disk_encryption_key_raw":true,"initialize_params":[{"labels":{}}]}],"confidential_instance_config":[],"effective_labels":{},"guest_accelerator":[],"metadata":{},"network_interface":[{"access_config":[{}],"alias_ip_range":[],"ipv6_access_config":[]}],"network_performance_config":[],"params":[],"reservation_affinity":[],"scheduling":[],"scratch_disk":[],"service_account":[],"shielded_instance_config":[],"tags":[false,false],"terraform_labels":{}}},{"address":"google_compute_instance.vm[\"prod-app-6\"]","mode":"managed","type":"google_compute_instance","name":"vm","index":"prod-app-6","provider_name":"registry.terraform.io/hashicorp/google","schema_version":6,"values":{"advanced_machine_features":[],"allow_stopping_for_update":null,"attached_disk":[],"boot_disk":[{"auto_delete":true,"disk_encryption_key_raw":null,"initialize_params":[{"enable_confidential_compute":null,"image":"debian-cloud/debian-12","resource_manager_tags":null,"size":10,"storage_pool":null}],"mode":"READ_WRITE"}],"can_ip_forward":false,"deletion_protection":false,"description":null,"desired_status":null,"enable_display":null,"hostname":null,"labels":null,"machine_type":"e2-medium","metadata":{"enable-oslogin":"TRUE"},"metadata_startup_script":null,"name":"prod-app-6","network_interface":[{"access_config":[{"public_ptr_domain_name":null}],"alias_ip_range":[],"ipv6_access_config":[],"network":"default","nic_type":null,"queue_count":null}],"network_performance_config":[],"params":[],"project":"golden-keel-479411-a0","resource_policies":null,"scratch_disk":[],"service_account":[],"shielded_instance_config":[],"tags":["pci","prod"],"timeouts":null,"zone":"us-central1-b"},"sensitive_values":{"advanced_machine_features":[],"attached_disk":[],"boot_disk":[{"disk_encryption_key_raw":true,"initialize_params":[{"labels":{}}]}],"confidential_instance_config":[],"effective_labels":{},"guest_accelerator":[],"metadata":{},"network_interface":[{"access_config":[{}],"alias_ip_range":[],"ipv6_access_config":[]}],"network_performance_config":[],"params":[],"reservation_affinity":[],"scheduling":[],"scratch_disk":[],"service_account":[],"shielded_instance_config":[],"tags":[false,false],"terraform_labels":{}}}]}},"resource_drift":[{"address":"google_compute_instance.vm[\"prod-app-3\"]","mode":"managed","type":"google_compute_instance","name":"vm","index":"prod-app-3","provider_name":"registry.terraform.io/hashicorp/google","change":{"actions":["update"],"before":{"advanced_machine_features":[],"allow_stopping_for_update":null,"attached_disk":[],"boot_disk":[{"auto_delete":true,"device_name":"persistent-disk-0","disk_encryption_key_raw":"","disk_encryption_key_sha256":"","initialize_params":[{"enable_confidential_compute":false,"image":"https://www.googleapis.com/compute/v1/projects/debian-cloud/global/images/debian-12-bookworm-v20260210","labels":{},"provisioned_iops":0,"provisioned_throughput":0,"resource_manager_tags":null,"size":10,"storage_pool":"","type":"pd-standard"}],"kms_key_self_link":"","mode":"READ_WRITE","source":"https://www.googleapis.com/compute/v1/projects/golden-keel-479411-a0/zones/us-central1-b/disks/prod-app-3"}],"can_ip_forward":false,"confidential_instance_config":[],"cpu_platform":"Intel Broadwell","current_status":"RUNNING","deletion_protection":false,"description":"","desired_status":null,"effective_labels":{},"enable_display":false,"guest_accelerator":[],"hostname":"","id":"projects/golden-keel-479411-a0/zones/us-central1-b/instances/prod-app-3","instance_id":"3410757051792167435","label_fingerprint":"42WmSpB8rSM=","labels":null,"machine_type":"e2-medium","metadata":{"enable-oslogin":"TRUE"},"metadata_fingerprint":"XjqJgsrB3Pk=","metadata_startup_script":null,"min_cpu_platform":"","name":"prod-app-3","network_interface":[{"access_config":[{"nat_ip":"34.44.81.150","network_tier":"PREMIUM","public_ptr_domain_name":""}],"alias_ip_range":[],"internal_ipv6_prefix_length":0,"ipv6_access_config":[],"ipv6_access_type":"","ipv6_address":"","name":"nic0","network":"https://www.googleapis.com/compute/v1/projects/golden-keel-479411-a0/global/networks/default","network_ip":"10.128.15.225","nic_type":"","queue_count":0,"stack_type":"IPV4_ONLY","subnetwork":"https://www.googleapis.com/compute/v1/projects/golden-keel-479411-a0/regions/us-central1/subnetworks/default","subnetwork_project":"golden-keel-479411-a0"}],"network_performance_config":[],"params":[],"project":"golden-keel-479411-a0","reservation_affinity":[],"resource_policies":null,"scheduling":[{"automatic_restart":true,"instance_termination_action":"","local_ssd_recovery_timeout":[],"max_run_duration":[],"min_node_cpus":0,"node_affinities":[],"on_host_maintenance":"MIGRATE","on_instance_stop_action":[],"preemptible":false,"provisioning_model":"STANDARD"}],"scratch_disk":[],"self_link":"https://www.googleapis.com/compute/v1/projects/golden-keel-479411-a0/zones/us-central1-b/instances/prod-app-3","service_account":[],"shielded_instance_config":[{"enable_integrity_monitoring":true,"enable_secure_boot":false,"enable_vtpm":true}],"tags":["pci","prod"],"tags_fingerprint":"bDh801bwG4E=","terraform_labels":{},"timeouts":null,"zone":"us-central1-b"},"after":{"advanced_machine_features":[],"allow_stopping_for_update":null,"attached_disk":[],"boot_disk":[{"auto_delete":true,"device_name":"persistent-disk-0","disk_encryption_key_raw":"","disk_encryption_key_sha256":"","initialize_params":[{"enable_confidential_compute":false,"image":"https://www.googleapis.com/compute/v1/projects/debian-cloud/global/images/debian-12-bookworm-v20260210","labels":{},"provisioned_iops":0,"provisioned_throughput":0,"resource_manager_tags":{},"size":10,"storage_pool":"","type":"pd-standard"}],"kms_key_self_link":"","mode":"READ_WRITE","source":"https://www.googleapis.com/compute/v1/projects/golden-keel-479411-a0/zones/us-central1-b/disks/prod-app-3"}],"can_ip_forward":false,"confidential_instance_config":[],"cpu_platform":"Intel Broadwell","current_status":"RUNNING","deletion_protection":false,"description":"","desired_status":null,"effective_labels":{},"enable_display":false,"guest_accelerator":[],"hostname":"","id":"projects/golden-keel-479411-a0/zones/us-central1-b/instances/prod-app-3","instance_id":"3410757051792167435","label_fingerprint":"42WmSpB8rSM=","labels":{},"machine_type":"e2-medium","metadata":{"enable-oslogin":"TRUE"},"metadata_fingerprint":"XjqJgsrB3Pk=","metadata_startup_script":null,"min_cpu_platform":"","name":"prod-app-3","network_interface":[{"access_config":[{"nat_ip":"34.44.81.150","network_tier":"PREMIUM","public_ptr_domain_name":""}],"alias_ip_range":[],"internal_ipv6_prefix_length":0,"ipv6_access_config":[],"ipv6_access_type":"","ipv6_address":"","name":"nic0","network":"https://www.googleapis.com/compute/v1/projects/golden-keel-479411-a0/global/networks/default","network_ip":"10.128.15.225","nic_type":"","queue_count":0,"stack_type":"IPV4_ONLY","subnetwork":"https://www.googleapis.com/compute/v1/projects/golden-keel-479411-a0/regions/us-central1/subnetworks/default","subnetwork_project":"golden-keel-479411-a0"}],"network_performance_config":[],"params":[],"project":"golden-keel-479411-a0","reservation_affinity":[],"resource_policies":[],"scheduling":[{"automatic_restart":true,"instance_termination_action":"","local_ssd_recovery_timeout":[],"max_run_duration":[],"min_node_cpus":0,"node_affinities":[],"on_host_maintenance":"MIGRATE","on_instance_stop_action":[],"preemptible":false,"provisioning_model":"STANDARD"}],"scratch_disk":[],"self_link":"https://www.googleapis.com/compute/v1/projects/golden-keel-479411-a0/zones/us-central1-b/instances/prod-app-3","service_account":[],"shielded_instance_config":[{"enable_integrity_monitoring":true,"enable_secure_boot":false,"enable_vtpm":true}],"tags":["pci","prod"],"tags_fingerprint":"bDh801bwG4E=","terraform_labels":{},"timeouts":null,"zone":"us-central1-b"},"after_unknown":{},"before_sensitive":{"advanced_machine_features":[],"attached_disk":[],"boot_disk":[{"disk_encryption_key_raw":true,"initialize_params":[{"labels":{}}]}],"confidential_instance_config":[],"effective_labels":{},"guest_accelerator":[],"metadata":{},"network_interface":[{"access_config":[{}],"alias_ip_range":[],"ipv6_access_config":[]}],"network_performance_config":[],"params":[],"reservation_affinity":[],"scheduling":[{"local_ssd_recovery_timeout":[],"max_run_duration":[],"node_affinities":[],"on_instance_stop_action":[]}],"scratch_disk":[],"service_account":[],"shielded_instance_config":[{}],"tags":[false,false],"terraform_labels":{}},"after_sensitive":{"advanced_machine_features":[],"attached_disk":[],"boot_disk":[{"disk_encryption_key_raw":true,"initialize_params":[{"labels":{},"resource_manager_tags":{}}]}],"confidential_instance_config":[],"effective_labels":{},"guest_accelerator":[],"labels":{},"metadata":{},"network_interface":[{"access_config":[{}],"alias_ip_range":[],"ipv6_access_config":[]}],"network_performance_config":[],"params":[],"reservation_affinity":[],"resource_policies":[],"scheduling":[{"local_ssd_recovery_timeout":[],"max_run_duration":[],"node_affinities":[],"on_instance_stop_action":[]}],"scratch_disk":[],"service_account":[],"shielded_instance_config":[{}],"tags":[false,false],"terraform_labels":{}}}}],"resource_changes":[{"address":"google_compute_instance.vm[\"prod-app-2\"]","mode":"managed","type":"google_compute_instance","name":"vm","index":"prod-app-2","provider_name":"registry.terraform.io/hashicorp/google","change":{"actions":["delete"],"before":{"advanced_machine_features":[],"allow_stopping_for_update":null,"attached_disk":[],"boot_disk":[{"auto_delete":true,"device_name":"persistent-disk-0","disk_encryption_key_raw":"","disk_encryption_key_sha256":"","initialize_params":[{"enable_confidential_compute":false,"image":"https://www.googleapis.com/compute/v1/projects/debian-cloud/global/images/debian-12-bookworm-v20260210","labels":{},"provisioned_iops":0,"provisioned_throughput":0,"resource_manager_tags":{},"size":10,"storage_pool":"","type":"pd-standard"}],"kms_key_self_link":"","mode":"READ_WRITE","source":"https://www.googleapis.com/compute/v1/projects/golden-keel-479411-a0/zones/us-central1-b/disks/prod-app-2"}],"can_ip_forward":false,"confidential_instance_config":[],"cpu_platform":"Intel Broadwell","current_status":"RUNNING","deletion_protection":false,"description":"","desired_status":null,"effective_labels":{},"enable_display":false,"guest_accelerator":[],"hostname":"","id":"projects/golden-keel-479411-a0/zones/us-central1-b/instances/prod-app-2","instance_id":"5392305858081919704","label_fingerprint":"42WmSpB8rSM=","labels":{},"machine_type":"e2-medium","metadata":{"enable-oslogin":"TRUE"},"metadata_fingerprint":"XjqJgsrB3Pk=","metadata_startup_script":null,"min_cpu_platform":"","name":"prod-app-2","network_interface":[{"access_config":[{"nat_ip":"34.28.85.182","network_tier":"PREMIUM","public_ptr_domain_name":""}],"alias_ip_range":[],"internal_ipv6_prefix_length":0,"ipv6_access_config":[],"ipv6_access_type":"","ipv6_address":"","name":"nic0","network":"https://www.googleapis.com/compute/v1/projects/golden-keel-479411-a0/global/networks/default","network_ip":"10.128.15.224","nic_type":"","queue_count":0,"stack_type":"IPV4_ONLY","subnetwork":"https://www.googleapis.com/compute/v1/projects/golden-keel-479411-a0/regions/us-central1/subnetworks/default","subnetwork_project":"golden-keel-479411-a0"}],"network_performance_config":[],"params":[],"project":"golden-keel-479411-a0","reservation_affinity":[],"resource_policies":[],"scheduling":[{"automatic_restart":true,"instance_termination_action":"","local_ssd_recovery_timeout":[],"max_run_duration":[],"min_node_cpus":0,"node_affinities":[],"on_host_maintenance":"MIGRATE","on_instance_stop_action":[],"preemptible":false,"provisioning_model":"STANDARD"}],"scratch_disk":[],"self_link":"https://www.googleapis.com/compute/v1/projects/golden-keel-479411-a0/zones/us-central1-b/instances/prod-app-2","service_account":[],"shielded_instance_config":[{"enable_integrity_monitoring":true,"enable_secure_boot":false,"enable_vtpm":true}],"tags":["pci","prod"],"tags_fingerprint":"bDh801bwG4E=","terraform_labels":{},"timeouts":null,"zone":"us-central1-b"},"after":null,"after_unknown":{},"before_sensitive":{"advanced_machine_features":[],"attached_disk":[],"boot_disk":[{"disk_encryption_key_raw":true,"initialize_params":[{"labels":{},"resource_manager_tags":{}}]}],"confidential_instance_config":[],"effective_labels":{},"guest_accelerator":[],"labels":{},"metadata":{},"network_interface":[{"access_config":[{}],"alias_ip_range":[],"ipv6_access_config":[]}],"network_performance_config":[],"params":[],"reservation_affinity":[],"resource_policies":[],"scheduling":[{"local_ssd_recovery_timeout":[],"max_run_duration":[],"node_affinities":[],"on_instance_stop_action":[]}],"scratch_disk":[],"service_account":[],"shielded_instance_config":[{}],"tags":[false,false],"terraform_labels":{}},"after_sensitive":false},"action_reason":"delete_because_each_key"},{"address":"google_compute_instance.vm[\"prod-app-3\"]","mode":"managed","type":"google_compute_instance","name":"vm","index":"prod-app-3","provider_name":"registry.terraform.io/hashicorp/google","change":{"actions":["delete"],"before":{"advanced_machine_features":[],"allow_stopping_for_update":null,"attached_disk":[],"boot_disk":[{"auto_delete":true,"device_name":"persistent-disk-0","disk_encryption_key_raw":"","disk_encryption_key_sha256":"","initialize_params":[{"enable_confidential_compute":false,"image":"https://www.googleapis.com/compute/v1/projects/debian-cloud/global/images/debian-12-bookworm-v20260210","labels":{},"provisioned_iops":0,"provisioned_throughput":0,"resource_manager_tags":null,"size":10,"storage_pool":"","type":"pd-standard"}],"kms_key_self_link":"","mode":"READ_WRITE","source":"https://www.googleapis.com/compute/v1/projects/golden-keel-479411-a0/zones/us-central1-b/disks/prod-app-3"}],"can_ip_forward":false,"confidential_instance_config":[],"cpu_platform":"Intel Broadwell","current_status":"RUNNING","deletion_protection":false,"description":"","desired_status":null,"effective_labels":{},"enable_display":false,"guest_accelerator":[],"hostname":"","id":"projects/golden-keel-479411-a0/zones/us-central1-b/instances/prod-app-3","instance_id":"3410757051792167435","label_fingerprint":"42WmSpB8rSM=","labels":null,"machine_type":"e2-medium","metadata":{"enable-oslogin":"TRUE"},"metadata_fingerprint":"XjqJgsrB3Pk=","metadata_startup_script":null,"min_cpu_platform":"","name":"prod-app-3","network_interface":[{"access_config":[{"nat_ip":"34.44.81.150","network_tier":"PREMIUM","public_ptr_domain_name":""}],"alias_ip_range":[],"internal_ipv6_prefix_length":0,"ipv6_access_config":[],"ipv6_access_type":"","ipv6_address":"","name":"nic0","network":"https://www.googleapis.com/compute/v1/projects/golden-keel-479411-a0/global/networks/default","network_ip":"10.128.15.225","nic_type":"","queue_count":0,"stack_type":"IPV4_ONLY","subnetwork":"https://www.googleapis.com/compute/v1/projects/golden-keel-479411-a0/regions/us-central1/subnetworks/default","subnetwork_project":"golden-keel-479411-a0"}],"network_performance_config":[],"params":[],"project":"golden-keel-479411-a0","reservation_affinity":[],"resource_policies":null,"scheduling":[{"automatic_restart":true,"instance_termination_action":"","local_ssd_recovery_timeout":[],"max_run_duration":[],"min_node_cpus":0,"node_affinities":[],"on_host_maintenance":"MIGRATE","on_instance_stop_action":[],"preemptible":false,"provisioning_model":"STANDARD"}],"scratch_disk":[],"self_link":"https://www.googleapis.com/compute/v1/projects/golden-keel-479411-a0/zones/us-central1-b/instances/prod-app-3","service_account":[],"shielded_instance_config":[{"enable_integrity_monitoring":true,"enable_secure_boot":false,"enable_vtpm":true}],"tags":["pci","prod"],"tags_fingerprint":"bDh801bwG4E=","terraform_labels":{},"timeouts":null,"zone":"us-central1-b"},"after":null,"after_unknown":{},"before_sensitive":{"advanced_machine_features":[],"attached_disk":[],"boot_disk":[{"disk_encryption_key_raw":true,"initialize_params":[{"labels":{}}]}],"confidential_instance_config":[],"effective_labels":{},"guest_accelerator":[],"metadata":{},"network_interface":[{"access_config":[{}],"alias_ip_range":[],"ipv6_access_config":[]}],"network_performance_config":[],"params":[],"reservation_affinity":[],"scheduling":[{"local_ssd_recovery_timeout":[],"max_run_duration":[],"node_affinities":[],"on_instance_stop_action":[]}],"scratch_disk":[],"service_account":[],"shielded_instance_config":[{}],"tags":[false,false],"terraform_labels":{}},"after_sensitive":false},"action_reason":"delete_because_each_key"},{"address":"google_compute_instance.vm[\"prod-app-5\"]","mode":"managed","type":"google_compute_instance","name":"vm","index":"prod-app-5","provider_name":"registry.terraform.io/hashicorp/google","change":{"actions":["create"],"before":null,"after":{"advanced_machine_features":[],"allow_stopping_for_update":null,"attached_disk":[],"boot_disk":[{"auto_delete":true,"disk_encryption_key_raw":null,"initialize_params":[{"enable_confidential_compute":null,"image":"debian-cloud/debian-12","resource_manager_tags":null,"size":10,"storage_pool":null}],"mode":"READ_WRITE"}],"can_ip_forward":false,"deletion_protection":false,"description":null,"desired_status":null,"enable_display":null,"hostname":null,"labels":null,"machine_type":"e2-medium","metadata":{"enable-oslogin":"TRUE"},"metadata_startup_script":null,"name":"prod-app-5","network_interface":[{"access_config":[{"public_ptr_domain_name":null}],"alias_ip_range":[],"ipv6_access_config":[],"network":"default","nic_type":null,"queue_count":null}],"network_performance_config":[],"params":[],"project":"golden-keel-479411-a0","resource_policies":null,"scratch_disk":[],"service_account":[],"shielded_instance_config":[],"tags":["pci","prod"],"timeouts":null,"zone":"us-central1-b"},"after_unknown":{"advanced_machine_features":[],"attached_disk":[],"boot_disk":[{"device_name":true,"disk_encryption_key_sha256":true,"initialize_params":[{"labels":true,"provisioned_iops":true,"provisioned_throughput":true,"type":true}],"kms_key_self_link":true,"source":true}],"confidential_instance_config":true,"cpu_platform":true,"current_status":true,"effective_labels":true,"guest_accelerator":true,"id":true,"instance_id":true,"label_fingerprint":true,"metadata":{},"metadata_fingerprint":true,"min_cpu_platform":true,"network_interface":[{"access_config":[{"nat_ip":true,"network_tier":true}],"alias_ip_range":[],"internal_ipv6_prefix_length":true,"ipv6_access_config":[],"ipv6_access_type":true,"ipv6_address":true,"name":true,"network_ip":true,"stack_type":true,"subnetwork":true,"subnetwork_project":true}],"network_performance_config":[],"params":[],"reservation_affinity":true,"scheduling":true,"scratch_disk":[],"self_link":true,"service_account":[],"shielded_instance_config":[],"tags":[false,false],"tags_fingerprint":true,"terraform_labels":true},"before_sensitive":false,"after_sensitive":{"advanced_machine_features":[],"attached_disk":[],"boot_disk":[{"disk_encryption_key_raw":true,"initialize_params":[{"labels":{}}]}],"confidential_instance_config":[],"effective_labels":{},"guest_accelerator":[],"metadata":{},"network_interface":[{"access_config":[{}],"alias_ip_range":[],"ipv6_access_config":[]}],"network_performance_config":[],"params":[],"reservation_affinity":[],"scheduling":[],"scratch_disk":[],"service_account":[],"shielded_instance_config":[],"tags":[false,false],"terraform_labels":{}}}},{"address":"google_compute_instance.vm[\"prod-app-6\"]","mode":"managed","type":"google_compute_instance","name":"vm","index":"prod-app-6","provider_name":"registry.terraform.io/hashicorp/google","change":{"actions":["create"],"before":null,"after":{"advanced_machine_features":[],"allow_stopping_for_update":null,"attached_disk":[],"boot_disk":[{"auto_delete":true,"disk_encryption_key_raw":null,"initialize_params":[{"enable_confidential_compute":null,"image":"debian-cloud/debian-12","resource_manager_tags":null,"size":10,"storage_pool":null}],"mode":"READ_WRITE"}],"can_ip_forward":false,"deletion_protection":false,"description":null,"desired_status":null,"enable_display":null,"hostname":null,"labels":null,"machine_type":"e2-medium","metadata":{"enable-oslogin":"TRUE"},"metadata_startup_script":null,"name":"prod-app-6","network_interface":[{"access_config":[{"public_ptr_domain_name":null}],"alias_ip_range":[],"ipv6_access_config":[],"network":"default","nic_type":null,"queue_count":null}],"network_performance_config":[],"params":[],"project":"golden-keel-479411-a0","resource_policies":null,"scratch_disk":[],"service_account":[],"shielded_instance_config":[],"tags":["pci","prod"],"timeouts":null,"zone":"us-central1-b"},"after_unknown":{"advanced_machine_features":[],"attached_disk":[],"boot_disk":[{"device_name":true,"disk_encryption_key_sha256":true,"initialize_params":[{"labels":true,"provisioned_iops":true,"provisioned_throughput":true,"type":true}],"kms_key_self_link":true,"source":true}],"confidential_instance_config":true,"cpu_platform":true,"current_status":true,"effective_labels":true,"guest_accelerator":true,"id":true,"instance_id":true,"label_fingerprint":true,"metadata":{},"metadata_fingerprint":true,"min_cpu_platform":true,"network_interface":[{"access_config":[{"nat_ip":true,"network_tier":true}],"alias_ip_range":[],"internal_ipv6_prefix_length":true,"ipv6_access_config":[],"ipv6_access_type":true,"ipv6_address":true,"name":true,"network_ip":true,"stack_type":true,"subnetwork":true,"subnetwork_project":true}],"network_performance_config":[],"params":[],"reservation_affinity":true,"scheduling":true,"scratch_disk":[],"self_link":true,"service_account":[],"shielded_instance_config":[],"tags":[false,false],"tags_fingerprint":true,"terraform_labels":true},"before_sensitive":false,"after_sensitive":{"advanced_machine_features":[],"attached_disk":[],"boot_disk":[{"disk_encryption_key_raw":true,"initialize_params":[{"labels":{}}]}],"confidential_instance_config":[],"effective_labels":{},"guest_accelerator":[],"metadata":{},"network_interface":[{"access_config":[{}],"alias_ip_range":[],"ipv6_access_config":[]}],"network_performance_config":[],"params":[],"reservation_affinity":[],"scheduling":[],"scratch_disk":[],"service_account":[],"shielded_instance_config":[],"tags":[false,false],"terraform_labels":{}}}}],"prior_state":{"format_version":"1.0","terraform_version":"1.9.8","values":{"root_module":{"resources":[{"address":"google_compute_instance.vm[\"prod-app-2\"]","mode":"managed","type":"google_compute_instance","name":"vm","index":"prod-app-2","provider_name":"registry.terraform.io/hashicorp/google","schema_version":6,"values":{"advanced_machine_features":[],"allow_stopping_for_update":null,"attached_disk":[],"boot_disk":[{"auto_delete":true,"device_name":"persistent-disk-0","disk_encryption_key_raw":"","disk_encryption_key_sha256":"","initialize_params":[{"enable_confidential_compute":false,"image":"https://www.googleapis.com/compute/v1/projects/debian-cloud/global/images/debian-12-bookworm-v20260210","labels":{},"provisioned_iops":0,"provisioned_throughput":0,"resource_manager_tags":{},"size":10,"storage_pool":"","type":"pd-standard"}],"kms_key_self_link":"","mode":"READ_WRITE","source":"https://www.googleapis.com/compute/v1/projects/golden-keel-479411-a0/zones/us-central1-b/disks/prod-app-2"}],"can_ip_forward":false,"confidential_instance_config":[],"cpu_platform":"Intel Broadwell","current_status":"RUNNING","deletion_protection":false,"description":"","desired_status":null,"effective_labels":{},"enable_display":false,"guest_accelerator":[],"hostname":"","id":"projects/golden-keel-479411-a0/zones/us-central1-b/instances/prod-app-2","instance_id":"5392305858081919704","label_fingerprint":"42WmSpB8rSM=","labels":{},"machine_type":"e2-medium","metadata":{"enable-oslogin":"TRUE"},"metadata_fingerprint":"XjqJgsrB3Pk=","metadata_startup_script":null,"min_cpu_platform":"","name":"prod-app-2","network_interface":[{"access_config":[{"nat_ip":"34.28.85.182","network_tier":"PREMIUM","public_ptr_domain_name":""}],"alias_ip_range":[],"internal_ipv6_prefix_length":0,"ipv6_access_config":[],"ipv6_access_type":"","ipv6_address":"","name":"nic0","network":"https://www.googleapis.com/compute/v1/projects/golden-keel-479411-a0/global/networks/default","network_ip":"10.128.15.224","nic_type":"","queue_count":0,"stack_type":"IPV4_ONLY","subnetwork":"https://www.googleapis.com/compute/v1/projects/golden-keel-479411-a0/regions/us-central1/subnetworks/default","subnetwork_project":"golden-keel-479411-a0"}],"network_performance_config":[],"params":[],"project":"golden-keel-479411-a0","reservation_affinity":[],"resource_policies":[],"scheduling":[{"automatic_restart":true,"instance_termination_action":"","local_ssd_recovery_timeout":[],"max_run_duration":[],"min_node_cpus":0,"node_affinities":[],"on_host_maintenance":"MIGRATE","on_instance_stop_action":[],"preemptible":false,"provisioning_model":"STANDARD"}],"scratch_disk":[],"self_link":"https://www.googleapis.com/compute/v1/projects/golden-keel-479411-a0/zones/us-central1-b/instances/prod-app-2","service_account":[],"shielded_instance_config":[{"enable_integrity_monitoring":true,"enable_secure_boot":false,"enable_vtpm":true}],"tags":["pci","prod"],"tags_fingerprint":"bDh801bwG4E=","terraform_labels":{},"timeouts":null,"zone":"us-central1-b"},"sensitive_values":{"advanced_machine_features":[],"attached_disk":[],"boot_disk":[{"disk_encryption_key_raw":true,"initialize_params":[{"labels":{},"resource_manager_tags":{}}]}],"confidential_instance_config":[],"effective_labels":{},"guest_accelerator":[],"labels":{},"metadata":{},"network_interface":[{"access_config":[{}],"alias_ip_range":[],"ipv6_access_config":[]}],"network_performance_config":[],"params":[],"reservation_affinity":[],"resource_policies":[],"scheduling":[{"local_ssd_recovery_timeout":[],"max_run_duration":[],"node_affinities":[],"on_instance_stop_action":[]}],"scratch_disk":[],"service_account":[],"shielded_instance_config":[{}],"tags":[false,false],"terraform_labels":{}}},{"address":"google_compute_instance.vm[\"prod-app-3\"]","mode":"managed","type":"google_compute_instance","name":"vm","index":"prod-app-3","provider_name":"registry.terraform.io/hashicorp/google","schema_version":6,"values":{"advanced_machine_features":[],"allow_stopping_for_update":null,"attached_disk":[],"boot_disk":[{"auto_delete":true,"device_name":"persistent-disk-0","disk_encryption_key_raw":"","disk_encryption_key_sha256":"","initialize_params":[{"enable_confidential_compute":false,"image":"https://www.googleapis.com/compute/v1/projects/debian-cloud/global/images/debian-12-bookworm-v20260210","labels":{},"provisioned_iops":0,"provisioned_throughput":0,"resource_manager_tags":{},"size":10,"storage_pool":"","type":"pd-standard"}],"kms_key_self_link":"","mode":"READ_WRITE","source":"https://www.googleapis.com/compute/v1/projects/golden-keel-479411-a0/zones/us-central1-b/disks/prod-app-3"}],"can_ip_forward":false,"confidential_instance_config":[],"cpu_platform":"Intel Broadwell","current_status":"RUNNING","deletion_protection":false,"description":"","desired_status":null,"effective_labels":{},"enable_display":false,"guest_accelerator":[],"hostname":"","id":"projects/golden-keel-479411-a0/zones/us-central1-b/instances/prod-app-3","instance_id":"3410757051792167435","label_fingerprint":"42WmSpB8rSM=","labels":{},"machine_type":"e2-medium","metadata":{"enable-oslogin":"TRUE"},"metadata_fingerprint":"XjqJgsrB3Pk=","metadata_startup_script":null,"min_cpu_platform":"","name":"prod-app-3","network_interface":[{"access_config":[{"nat_ip":"34.44.81.150","network_tier":"PREMIUM","public_ptr_domain_name":""}],"alias_ip_range":[],"internal_ipv6_prefix_length":0,"ipv6_access_config":[],"ipv6_access_type":"","ipv6_address":"","name":"nic0","network":"https://www.googleapis.com/compute/v1/projects/golden-keel-479411-a0/global/networks/default","network_ip":"10.128.15.225","nic_type":"","queue_count":0,"stack_type":"IPV4_ONLY","subnetwork":"https://www.googleapis.com/compute/v1/projects/golden-keel-479411-a0/regions/us-central1/subnetworks/default","subnetwork_project":"golden-keel-479411-a0"}],"network_performance_config":[],"params":[],"project":"golden-keel-479411-a0","reservation_affinity":[],"resource_policies":[],"scheduling":[{"automatic_restart":true,"instance_termination_action":"","local_ssd_recovery_timeout":[],"max_run_duration":[],"min_node_cpus":0,"node_affinities":[],"on_host_maintenance":"MIGRATE","on_instance_stop_action":[],"preemptible":false,"provisioning_model":"STANDARD"}],"scratch_disk":[],"self_link":"https://www.googleapis.com/compute/v1/projects/golden-keel-479411-a0/zones/us-central1-b/instances/prod-app-3","service_account":[],"shielded_instance_config":[{"enable_integrity_monitoring":true,"enable_secure_boot":false,"enable_vtpm":true}],"tags":["pci","prod"],"tags_fingerprint":"bDh801bwG4E=","terraform_labels":{},"timeouts":null,"zone":"us-central1-b"},"sensitive_values":{"advanced_machine_features":[],"attached_disk":[],"boot_disk":[{"disk_encryption_key_raw":true,"initialize_params":[{"labels":{},"resource_manager_tags":{}}]}],"confidential_instance_config":[],"effective_labels":{},"guest_accelerator":[],"labels":{},"metadata":{},"network_interface":[{"access_config":[{}],"alias_ip_range":[],"ipv6_access_config":[]}],"network_performance_config":[],"params":[],"reservation_affinity":[],"resource_policies":[],"scheduling":[{"local_ssd_recovery_timeout":[],"max_run_duration":[],"node_affinities":[],"on_instance_stop_action":[]}],"scratch_disk":[],"service_account":[],"shielded_instance_config":[{}],"tags":[false,false],"terraform_labels":{}}}]}}},"configuration":{"provider_config":{"google":{"name":"google","full_name":"registry.terraform.io/hashicorp/google","version_constraint":"~\u003e 5.0","expressions":{"project":{"references":["var.project_id"]},"region":{"references":["var.region"]}}}},"root_module":{"resources":[{"address":"google_compute_instance.vm","mode":"managed","type":"google_compute_instance","name":"vm","provider_config_key":"google","expressions":{"boot_disk":[{"initialize_params":[{"image":{"constant_value":"debian-cloud/debian-12"},"size":{"references":["var.disk_size"]}}]}],"machine_type":{"references":["var.vm_size"]},"metadata":{"constant_value":{"enable-oslogin":"TRUE"}},"name":{"references":["each.key"]},"network_interface":[{"access_config":[{}],"network":{"constant_value":"default"}}],"tags":{"references":["each.value.tags","each.value"]},"zone":{"references":["each.value.zone","each.value"]}},"schema_version":6,"for_each_expression":{"references":["local.instances"]}}],"variables":{"config_file":{},"disk_size":{},"environment":{},"project_id":{},"region":{},"vm_size":{}}}},"timestamp":"2026-02-19T06:28:08Z","applyable":true,"complete":true,"errored":false}
